
Microsoft Visual Studio Solution File, Format Version 12.00
# Visual Studio Version 16
VisualStudioVersion = 16.0.30804.86
MinimumVisualStudioVersion = 10.0.40219.1
Project("{2150E333-8FDC-42A3-9474-1A3956D46DE8}") = "Solution Items", "Solution Items", "{5EB3628E-3561-4813-9059-F3CDC24AA441}"
	ProjectSection(SolutionItems) = preProject
		ReadMe.txt = ReadMe.txt
	EndProjectSection
EndProject
Project("{FAE04EC0-301F-11D3-BF4B-00C04F79EFBC}") = "YMS5177_CMS.Entity", "YMS5177_CMS.Entity\YMS5177_CMS.Entity.csproj", "{A70FBDDC-A8A0-4129-A110-FABDA4CC5398}"
EndProject
Project("{FAE04EC0-301F-11D3-BF4B-00C04F79EFBC}") = "YMS5177_CMS.Map", "YMS5177_CMS.Map\YMS5177_CMS.Map.csproj", "{D217046F-9D78-46DD-B1E4-9C3B6D7FD828}"
EndProject
Project("{FAE04EC0-301F-11D3-BF4B-00C04F79EFBC}") = "YMS5177_CMS.Data", "YMS5177_CMS.Data\YMS5177_CMS.Data.csproj", "{DBFC69B8-A6EB-493E-BF64-2933ECDDFDC9}"
EndProject
Global
	GlobalSection(SolutionConfigurationPlatforms) = preSolution
		Debug|Any CPU = Debug|Any CPU
		Release|Any CPU = Release|Any CPU
	EndGlobalSection
	GlobalSection(ProjectConfigurationPlatforms) = postSolution
		{A70FBDDC-A8A0-4129-A110-FABDA4CC5398}.Debug|Any CPU.ActiveCfg = Debug|Any CPU
		{A70FBDDC-A8A0-4129-A110-FABDA4CC5398}.Debug|Any CPU.Build.0 = Debug|Any CPU
		{A70FBDDC-A8A0-4129-A110-FABDA4CC5398}.Release|Any CPU.ActiveCfg = Release|Any CPU
		{A70FBDDC-A8A0-4129-A110-FABDA4CC5398}.Release|Any CPU.Build.0 = Release|Any CPU
		{D217046F-9D78-46DD-B1E4-9C3B6D7FD828}.Debug|Any CPU.ActiveCfg = Debug|Any CPU
		{D217046F-9D78-46DD-B1E4-9C3B6D7FD828}.Debug|Any CPU.Build.0 = Debug|Any CPU
		{D217046F-9D78-46DD-B1E4-9C3B6D7FD828}.Release|Any CPU.ActiveCfg = Release|Any CPU
		{D217046F-9D78-46DD-B1E4-9C3B6D7FD828}.Release|Any CPU.Build.0 = Release|Any CPU
		{DBFC69B8-A6EB-493E-BF64-2933ECDDFDC9}.Debug|Any CPU.ActiveCfg = Debug|Any CPU
		{DBFC69B8-A6EB-493E-BF64-2933ECDDFDC9}.Debug|Any CPU.Build.0 = Debug|Any CPU
		{DBFC69B8-A6EB-493E-BF64-2933ECDDFDC9}.Release|Any CPU.ActiveCfg = Release|Any CPU
		{DBFC69B8-A6EB-493E-BF64-2933ECDDFDC9}.Release|Any CPU.Build.0 = Release|Any CPU
	EndGlobalSection
	GlobalSection(SolutionProperties) = preSolution
		HideSolutionNode = FALSE
	EndGlobalSection
	GlobalSection(ExtensibilityGlobals) = postSolution
		SolutionGuid = {667F0C07-DF14-44B8-B57C-5198F74E239E}
	EndGlobalSection
EndGlobal
